
Microsoft Visual Studio Solution File, Format Version 12.00
# Visual Studio 2012
Project("{FAE04EC0-301F-11D3-BF4B-00C04F79EFBC}") = "Gallery", "Gallery\Gallery.csproj", "{D1EE7F98-F344-4039-86C6-82D41D4A37DA}"
EndProject
Global
	GlobalSection(SolutionConfigurationPlatforms) = preSolution
		Debug|Any CPU = Debug|Any CPU
		Release|Any CPU = Release|Any CPU
	EndGlobalSection
	GlobalSection(ProjectConfigurationPlatforms) = postSolution
		{D1EE7F98-F344-4039-86C6-82D41D4A37DA}.Debug|Any CPU.ActiveCfg = Debug|Any CPU
		{D1EE7F98-F344-4039-86C6-82D41D4A37DA}.Debug|Any CPU.Build.0 = Debug|Any CPU
		{D1EE7F98-F344-4039-86C6-82D41D4A37DA}.Release|Any CPU.ActiveCfg = Release|Any CPU
		{D1EE7F98-F344-4039-86C6-82D41D4A37DA}.Release|Any CPU.Build.0 = Release|Any CPU
	EndGlobalSection
	GlobalSection(SolutionProperties) = preSolution
		HideSolutionNode = FALSE
	EndGlobalSection
EndGlobal
